
Microsoft Visual Studio Solution File, Format Version 12.00
# Visual Studio Version 17
VisualStudioVersion = 17.5.002.0
MinimumVisualStudioVersion = 10.0.40219.1
Project("{9A19103F-16F7-4668-BE54-9A1E7A4F7556}") = "04estatico", "04estatico.csproj", "{644063B7-A95D-4937-A882-71E61290F01F}"
EndProject
Global
	GlobalSection(SolutionConfigurationPlatforms) = preSolution
		Debug|Any CPU = Debug|Any CPU
		Release|Any CPU = Release|Any CPU
	EndGlobalSection
	GlobalSection(ProjectConfigurationPlatforms) = postSolution
		{644063B7-A95D-4937-A882-71E61290F01F}.Debug|Any CPU.ActiveCfg = Debug|Any CPU
		{644063B7-A95D-4937-A882-71E61290F01F}.Debug|Any CPU.Build.0 = Debug|Any CPU
		{644063B7-A95D-4937-A882-71E61290F01F}.Release|Any CPU.ActiveCfg = Release|Any CPU
		{644063B7-A95D-4937-A882-71E61290F01F}.Release|Any CPU.Build.0 = Release|Any CPU
	EndGlobalSection
	GlobalSection(SolutionProperties) = preSolution
		HideSolutionNode = FALSE
	EndGlobalSection
	GlobalSection(ExtensibilityGlobals) = postSolution
		SolutionGuid = {CA884B21-A114-418E-8ABA-D3EFD762B4F5}
	EndGlobalSection
EndGlobal
